
Microsoft Visual Studio Solution File, Format Version 12.00
# Visual Studio 14
VisualStudioVersion = 14.0.23107.0
MinimumVisualStudioVersion = 10.0.40219.1
Project("{FAE04EC0-301F-11D3-BF4B-00C04F79EFBC}") = "WaseemAliAbdullahAlIdrisi_lecture2", "WaseemAliAbdullahAlIdrisi_lecture2\WaseemAliAbdullahAlIdrisi_lecture2.csproj", "{C0CC42DA-E5F0-4B3A-A055-5DFB3946EB5D}"
EndProject
Global
	GlobalSection(SolutionConfigurationPlatforms) = preSolution
		Debug|Any CPU = Debug|Any CPU
		Release|Any CPU = Release|Any CPU
	EndGlobalSection
	GlobalSection(ProjectConfigurationPlatforms) = postSolution
		{C0CC42DA-E5F0-4B3A-A055-5DFB3946EB5D}.Debug|Any CPU.ActiveCfg = Debug|Any CPU
		{C0CC42DA-E5F0-4B3A-A055-5DFB3946EB5D}.Debug|Any CPU.Build.0 = Debug|Any CPU
		{C0CC42DA-E5F0-4B3A-A055-5DFB3946EB5D}.Release|Any CPU.ActiveCfg = Release|Any CPU
		{C0CC42DA-E5F0-4B3A-A055-5DFB3946EB5D}.Release|Any CPU.Build.0 = Release|Any CPU
	EndGlobalSection
	GlobalSection(SolutionProperties) = preSolution
		HideSolutionNode = FALSE
	EndGlobalSection
EndGlobal
